// !$*UTF8*$!
{
	archiveVersion = 1;
	classes = {
	};
	objectVersion = 48;
	objects = {

/* Begin PBXBuildFile section */
		351C901C2033008B00A1F05B /* AppDelegate.swift in Sources */ = {isa = PBXBuildFile; fileRef = 351C901B2033008B00A1F05B /* AppDelegate.swift */; };
		351C901E2033008B00A1F05B /* ViewController.swift in Sources */ = {isa = PBXBuildFile; fileRef = 351C901D2033008B00A1F05B /* ViewController.swift */; };
		351C90212033008B00A1F05B /* Main.storyboard in Resources */ = {isa = PBXBuildFile; fileRef = 351C901F2033008B00A1F05B /* Main.storyboard */; };
		351C90232033008B00A1F05B /* Assets.xcassets in Resources */ = {isa = PBXBuildFile; fileRef = 351C90222033008B00A1F05B /* Assets.xcassets */; };
		351C90262033008B00A1F05B /* LaunchScreen.storyboard in Resources */ = {isa = PBXBuildFile; fileRef = 351C90242033008B00A1F05B /* LaunchScreen.storyboard */; };
		351C90312033008B00A1F05B /* iQuizTests.swift in Sources */ = {isa = PBXBuildFile; fileRef = 351C90302033008B00A1F05B /* iQuizTests.swift */; };
		351C903C2033008B00A1F05B /* iQuizUITests.swift in Sources */ = {isa = PBXBuildFile; fileRef = 351C903B2033008B00A1F05B /* iQuizUITests.swift */; };
		351C904A2033050600A1F05B /* CategoryTableViewCell.swift in Sources */ = {isa = PBXBuildFile; fileRef = 351C90492033050600A1F05B /* CategoryTableViewCell.swift */; };
		354C189B20330D3F00D10FC4 /* QuizCategory.swift in Sources */ = {isa = PBXBuildFile; fileRef = 354C189A20330D3F00D10FC4 /* QuizCategory.swift */; };
/* End PBXBuildFile section */

/* Begin PBXContainerItemProxy section */
		351C902D2033008B00A1F05B /* PBXContainerItemProxy */ = {
			isa = PBXContainerItemProxy;
			containerPortal = 351C90102033008A00A1F05B /* Project object */;
			proxyType = 1;
			remoteGlobalIDString = 351C90172033008A00A1F05B;
			remoteInfo = iQuiz;
		};
		351C90382033008B00A1F05B /* PBXContainerItemProxy */ = {
			isa = PBXContainerItemProxy;
			containerPortal = 351C90102033008A00A1F05B /* Project object */;
			proxyType = 1;
			remoteGlobalIDString = 351C90172033008A00A1F05B;
			remoteInfo = iQuiz;
		};
/* End PBXContainerItemProxy section */

/* Begin PBXFileReference section */
		351C90182033008A00A1F05B /* iQuiz.app */ = {isa = PBXFileReference; explicitFileType = wrapper.application; includeInIndex = 0; path = iQuiz.app; sourceTree = BUILT_PRODUCTS_DIR; };
		351C901B2033008B00A1F05B /* AppDelegate.swift */ = {isa = PBXFileReference; lastKnownFileType = sourcecode.swift; path = AppDelegate.swift; sourceTree = "<group>"; };
		351C901D2033008B00A1F05B /* ViewController.swift */ = {isa = PBXFileReference; lastKnownFileType = sourcecode.swift; path = ViewController.swift; sourceTree = "<group>"; };
		351C90202033008B00A1F05B /* Base */ = {isa = PBXFileReference; lastKnownFileType = file.storyboard; name = Base; path = Base.lproj/Main.storyboard; sourceTree = "<group>"; };
		351C90222033008B00A1F05B /* Assets.xcassets */ = {isa = PBXFileReference; lastKnownFileType = folder.assetcatalog; path = Assets.xcassets; sourceTree = "<group>"; };
		351C90252033008B00A1F05B /* Base */ = {isa = PBXFileReference; lastKnownFileType = file.storyboard; name = Base; path = Base.lproj/LaunchScreen.storyboard; sourceTree = "<group>"; };
		351C90272033008B00A1F05B /* Info.plist */ = {isa = PBXFileReference; lastKnownFileType = text.plist.xml; path = Info.plist; sourceTree = "<group>"; };
		351C902C2033008B00A1F05B /* iQuizTests.xctest */ = {isa = PBXFileReference; explicitFileType = wrapper.cfbundle; includeInIndex = 0; path = iQuizTests.xctest; sourceTree = BUILT_PRODUCTS_DIR; };
		351C90302033008B00A1F05B /* iQuizTests.swift */ = {isa = PBXFileReference; lastKnownFileType = sourcecode.swift; path = iQuizTests.swift; sourceTree = "<group>"; };
		351C90322033008B00A1F05B /* Info.plist */ = {isa = PBXFileReference; lastKnownFileType = text.plist.xml; path = Info.plist; sourceTree = "<group>"; };
		351C90372033008B00A1F05B /* iQuizUITests.xctest */ = {isa = PBXFileReference; explicitFileType = wrapper.cfbundle; includeInIndex = 0; path = iQuizUITests.xctest; sourceTree = BUILT_PRODUCTS_DIR; };
		351C903B2033008B00A1F05B /* iQuizUITests.swift */ = {isa = PBXFileReference; lastKnownFileType = sourcecode.swift; path = iQuizUITests.swift; sourceTree = "<group>"; };
		351C903D2033008B00A1F05B /* Info.plist */ = {isa = PBXFileReference; lastKnownFileType = text.plist.xml; path = Info.plist; sourceTree = "<group>"; };
		351C90492033050600A1F05B /* CategoryTableViewCell.swift */ = {isa = PBXFileReference; lastKnownFileType = sourcecode.swift; path = CategoryTableViewCell.swift; sourceTree = "<group>"; };
		354C189A20330D3F00D10FC4 /* QuizCategory.swift */ = {isa = PBXFileReference; lastKnownFileType = sourcecode.swift; path = QuizCategory.swift; sourceTree = "<group>"; };
/* End PBXFileReference section */

/* Begin PBXFrameworksBuildPhase section */
		351C90152033008A00A1F05B /* Frameworks */ = {
			isa = PBXFrameworksBuildPhase;
			buildActionMask = 2147483647;
			files = (
			);
			runOnlyForDeploymentPostprocessing = 0;
		};
		351C90292033008B00A1F05B /* Frameworks */ = {
			isa = PBXFrameworksBuildPhase;
			buildActionMask = 2147483647;
			files = (
			);
			runOnlyForDeploymentPostprocessing = 0;
		};
		351C90342033008B00A1F05B /* Frameworks */ = {
			isa = PBXFrameworksBuildPhase;
			buildActionMask = 2147483647;
			files = (
			);
			runOnlyForDeploymentPostprocessing = 0;
		};
/* End PBXFrameworksBuildPhase section */

/* Begin PBXGroup section */
		351C900F2033008A00A1F05B = {
			isa = PBXGroup;
			children = (
				351C901A2033008A00A1F05B /* iQuiz */,
				351C902F2033008B00A1F05B /* iQuizTests */,
				351C903A2033008B00A1F05B /* iQuizUITests */,
				351C90192033008A00A1F05B /* Products */,
			);
			sourceTree = "<group>";
		};
		351C90192033008A00A1F05B /* Products */ = {
			isa = PBXGroup;
			children = (
				351C90182033008A00A1F05B /* iQuiz.app */,
				351C902C2033008B00A1F05B /* iQuizTests.xctest */,
				351C90372033008B00A1F05B /* iQuizUITests.xctest */,
			);
			name = Products;
			sourceTree = "<group>";
		};
		351C901A2033008A00A1F05B /* iQuiz */ = {
			isa = PBXGroup;
			children = (
				351C901B2033008B00A1F05B /* AppDelegate.swift */,
				351C901D2033008B00A1F05B /* ViewController.swift */,
				351C901F2033008B00A1F05B /* Main.storyboard */,
				354C189A20330D3F00D10FC4 /* QuizCategory.swift */,
				351C90492033050600A1F05B /* CategoryTableViewCell.swift */,
				351C90222033008B00A1F05B /* Assets.xcassets */,
				351C90242033008B00A1F05B /* LaunchScreen.storyboard */,
				351C90272033008B00A1F05B /* Info.plist */,
			);
			path = iQuiz;
			sourceTree = "<group>";
		};
		351C902F2033008B00A1F05B /* iQuizTests */ = {
			isa = PBXGroup;
			children = (
				351C90302033008B00A1F05B /* iQuizTests.swift */,
				351C90322033008B00A1F05B /* Info.plist */,
			);
			path = iQuizTests;
			sourceTree = "<group>";
		};
		351C903A2033008B00A1F05B /* iQuizUITests */ = {
			isa = PBXGroup;
			children = (
				351C903B2033008B00A1F05B /* iQuizUITests.swift */,
				351C903D2033008B00A1F05B /* Info.plist */,
			);
			path = iQuizUITests;
			sourceTree = "<group>";
		};
/* End PBXGroup section */

/* Begin PBXNativeTarget section */
		351C90172033008A00A1F05B /* iQuiz */ = {
			isa = PBXNativeTarget;
			buildConfigurationList = 351C90402033008B00A1F05B /* Build configuration list for PBXNativeTarget "iQuiz" */;
			buildPhases = (
				351C90142033008A00A1F05B /* Sources */,
				351C90152033008A00A1F05B /* Frameworks */,
				351C90162033008A00A1F05B /* Resources */,
			);
			buildRules = (
			);
			dependencies = (
			);
			name = iQuiz;
			productName = iQuiz;
			productReference = 351C90182033008A00A1F05B /* iQuiz.app */;
			productType = "com.apple.product-type.application";
		};
		351C902B2033008B00A1F05B /* iQuizTests */ = {
			isa = PBXNativeTarget;
			buildConfigurationList = 351C90432033008B00A1F05B /* Build configuration list for PBXNativeTarget "iQuizTests" */;
			buildPhases = (
				351C90282033008B00A1F05B /* Sources */,
				351C90292033008B00A1F05B /* Frameworks */,
				351C902A2033008B00A1F05B /* Resources */,
			);
			buildRules = (
			);
			dependencies = (
				351C902E2033008B00A1F05B /* PBXTargetDependency */,
			);
			name = iQuizTests;
			productName = iQuizTests;
			productReference = 351C902C2033008B00A1F05B /* iQuizTests.xctest */;
			productType = "com.apple.product-type.bundle.unit-test";
		};
		351C90362033008B00A1F05B /* iQuizUITests */ = {
			isa = PBXNativeTarget;
			buildConfigurationList = 351C90462033008B00A1F05B /* Build configuration list for PBXNativeTarget "iQuizUITests" */;
			buildPhases = (
				351C90332033008B00A1F05B /* Sources */,
				351C90342033008B00A1F05B /* Frameworks */,
				351C90352033008B00A1F05B /* Resources */,
			);
			buildRules = (
			);
			dependencies = (
				351C90392033008B00A1F05B /* PBXTargetDependency */,
			);
			name = iQuizUITests;
			productName = iQuizUITests;
			productReference = 351C90372033008B00A1F05B /* iQuizUITests.xctest */;
			productType = "com.apple.product-type.bundle.ui-testing";
		};
/* End PBXNativeTarget section */

/* Begin PBXProject section */
		351C90102033008A00A1F05B /* Project object */ = {
			isa = PBXProject;
			attributes = {
				LastSwiftUpdateCheck = 0920;
				LastUpgradeCheck = 0920;
				ORGANIZATIONNAME = leontaolong;
				TargetAttributes = {
					351C90172033008A00A1F05B = {
						CreatedOnToolsVersion = 9.2;
						ProvisioningStyle = Automatic;
					};
					351C902B2033008B00A1F05B = {
						CreatedOnToolsVersion = 9.2;
						ProvisioningStyle = Automatic;
						TestTargetID = 351C90172033008A00A1F05B;
					};
					351C90362033008B00A1F05B = {
						CreatedOnToolsVersion = 9.2;
						ProvisioningStyle = Automatic;
						TestTargetID = 351C90172033008A00A1F05B;
					};
				};
			};
			buildConfigurationList = 351C90132033008A00A1F05B /* Build configuration list for PBXProject "iQuiz" */;
			compatibilityVersion = "Xcode 8.0";
			developmentRegion = en;
			hasScannedForEncodings = 0;
			knownRegions = (
				en,
				Base,
			);
			mainGroup = 351C900F2033008A00A1F05B;
			productRefGroup = 351C90192033008A00A1F05B /* Products */;
			projectDirPath = "";
			projectRoot = "";
			targets = (
				351C90172033008A00A1F05B /* iQuiz */,
				351C902B2033008B00A1F05B /* iQuizTests */,
				351C90362033008B00A1F05B /* iQuizUITests */,
			);
		};
/* End PBXProject section */

/* Begin PBXResourcesBuildPhase section */
		351C90162033008A00A1F05B /* Resources */ = {
			isa = PBXResourcesBuildPhase;
			buildActionMask = 2147483647;
			files = (
				351C90262033008B00A1F05B /* LaunchScreen.storyboard in Resources */,
				351C90232033008B00A1F05B /* Assets.xcassets in Resources */,
				351C90212033008B00A1F05B /* Main.storyboard in Resources */,
			);
			runOnlyForDeploymentPostprocessing = 0;
		};
		351C902A2033008B00A1F05B /* Resources */ = {
			isa = PBXResourcesBuildPhase;
			buildActionMask = 2147483647;
			files = (
			);
			runOnlyForDeploymentPostprocessing = 0;
		};
		351C90352033008B00A1F05B /* Resources */ = {
			isa = PBXResourcesBuildPhase;
			buildActionMask = 2147483647;
			files = (
			);
			runOnlyForDeploymentPostprocessing = 0;
		};
/* End PBXResourcesBuildPhase section */

/* Begin PBXSourcesBuildPhase section */
		351C90142033008A00A1F05B /* Sources */ = {
			isa = PBXSourcesBuildPhase;
			buildActionMask = 2147483647;
			files = (
				354C189B20330D3F00D10FC4 /* QuizCategory.swift in Sources */,
				351C901E2033008B00A1F05B /* ViewController.swift in Sources */,
				351C901C2033008B00A1F05B /* AppDelegate.swift in Sources */,
				351C904A2033050600A1F05B /* CategoryTableViewCell.swift in Sources */,
			);
			runOnlyForDeploymentPostprocessing = 0;
		};
		351C90282033008B00A1F05B /* Sources */ = {
			isa = PBXSourcesBuildPhase;
			buildActionMask = 2147483647;
			files = (
				351C90312033008B00A1F05B /* iQuizTests.swift in Sources */,
			);
			runOnlyForDeploymentPostprocessing = 0;
		};
		351C90332033008B00A1F05B /* Sources */ = {
			isa = PBXSourcesBuildPhase;
			buildActionMask = 2147483647;
			files = (
				351C903C2033008B00A1F05B /* iQuizUITests.swift in Sources */,
			);
			runOnlyForDeploymentPostprocessing = 0;
		};
/* End PBXSourcesBuildPhase section */

/* Begin PBXTargetDependency section */
		351C902E2033008B00A1F05B /* PBXTargetDependency */ = {
			isa = PBXTargetDependency;
			target = 351C90172033008A00A1F05B /* iQuiz */;
			targetProxy = 351C902D2033008B00A1F05B /* PBXContainerItemProxy */;
		};
		351C90392033008B00A1F05B /* PBXTargetDependency */ = {
			isa = PBXTargetDependency;
			target = 351C90172033008A00A1F05B /* iQuiz */;
			targetProxy = 351C90382033008B00A1F05B /* PBXContainerItemProxy */;
		};
/* End PBXTargetDependency section */

/* Begin PBXVariantGroup section */
		351C901F2033008B00A1F05B /* Main.storyboard */ = {
			isa = PBXVariantGroup;
			children = (
				351C90202033008B00A1F05B /* Base */,
			);
			name = Main.storyboard;
			sourceTree = "<group>";
		};
		351C90242033008B00A1F05B /* LaunchScreen.storyboard */ = {
			isa = PBXVariantGroup;
			children = (
				351C90252033008B00A1F05B /* Base */,
			);
			name = LaunchScreen.storyboard;
			sourceTree = "<group>";
		};
/* End PBXVariantGroup section */

/* Begin XCBuildConfiguration section */
		351C903E2033008B00A1F05B /* Debug */ = {
			isa = XCBuildConfiguration;
			buildSettings = {
				ALWAYS_SEARCH_USER_PATHS = NO;
				CLANG_ANALYZER_NONNULL = YES;
				CLANG_ANALYZER_NUMBER_OBJECT_CONVERSION = YES_AGGRESSIVE;
				CLANG_CXX_LANGUAGE_STANDARD = "gnu++14";
				CLANG_CXX_LIBRARY = "libc++";
				CLANG_ENABLE_MODULES = YES;
				CLANG_ENABLE_OBJC_ARC = YES;
				CLANG_WARN_BLOCK_CAPTURE_AUTORELEASING = YES;
				CLANG_WARN_BOOL_CONVERSION = YES;
				CLANG_WARN_COMMA = YES;
				CLANG_WARN_CONSTANT_CONVERSION = YES;
				CLANG_WARN_DIRECT_OBJC_ISA_USAGE = YES_ERROR;
				CLANG_WARN_DOCUMENTATION_COMMENTS = YES;
				CLANG_WARN_EMPTY_BODY = YES;
				CLANG_WARN_ENUM_CONVERSION = YES;
				CLANG_WARN_INFINITE_RECURSION = YES;
				CLANG_WARN_INT_CONVERSION = YES;
				CLANG_WARN_NON_LITERAL_NULL_CONVERSION = YES;
				CLANG_WARN_OBJC_LITERAL_CONVERSION = YES;
				CLANG_WARN_OBJC_ROOT_CLASS = YES_ERROR;
				CLANG_WARN_RANGE_LOOP_ANALYSIS = YES;
				CLANG_WARN_STRICT_PROTOTYPES = YES;
				CLANG_WARN_SUSPICIOUS_MOVE = YES;
				CLANG_WARN_UNGUARDED_AVAILABILITY = YES_AGGRESSIVE;
				CLANG_WARN_UNREACHABLE_CODE = YES;
				CLANG_WARN__DUPLICATE_METHOD_MATCH = YES;
				CODE_SIGN_IDENTITY = "iPhone Developer";
				COPY_PHASE_STRIP = NO;
				DEBUG_INFORMATION_FORMAT = dwarf;
				ENABLE_STRICT_OBJC_MSGSEND = YES;
				ENABLE_TESTABILITY = YES;
				GCC_C_LANGUAGE_STANDARD = gnu11;
				GCC_DYNAMIC_NO_PIC = NO;
				GCC_NO_COMMON_BLOCKS = YES;
				GCC_OPTIMIZATION_LEVEL = 0;
				GCC_PREPROCESSOR_DEFINITIONS = (
					"DEBUG=1",
					"$(inherited)",
				);
				GCC_WARN_64_TO_32_BIT_CONVERSION = YES;
				GCC_WARN_ABOUT_RETURN_TYPE = YES_ERROR;
				GCC_WARN_UNDECLARED_SELECTOR = YES;
				GCC_WARN_UNINITIALIZED_AUTOS = YES_AGGRESSIVE;
				GCC_WARN_UNUSED_FUNCTION = YES;
				GCC_WARN_UNUSED_VARIABLE = YES;
				IPHONEOS_DEPLOYMENT_TARGET = 11.2;
				MTL_ENABLE_DEBUG_INFO = YES;
				ONLY_ACTIVE_ARCH = YES;
				SDKROOT = iphoneos;
				SWIFT_ACTIVE_COMPILATION_CONDITIONS = DEBUG;
				SWIFT_OPTIMIZATION_LEVEL = "-Onone";
			};
			name = Debug;
		};
		351C903F2033008B00A1F05B /* Release */ = {
			isa = XCBuildConfiguration;
			buildSettings = {
				ALWAYS_SEARCH_USER_PATHS = NO;
				CLANG_ANALYZER_NONNULL = YES;
				CLANG_ANALYZER_NUMBER_OBJECT_CONVERSION = YES_AGGRESSIVE;
				CLANG_CXX_LANGUAGE_STANDARD = "gnu++14";
				CLANG_CXX_LIBRARY = "libc++";
				CLANG_ENABLE_MODULES = YES;
				CLANG_ENABLE_OBJC_ARC = YES;
				CLANG_WARN_BLOCK_CAPTURE_AUTORELEASING = YES;
				CLANG_WARN_BOOL_CONVERSION = YES;
				CLANG_WARN_COMMA = YES;
				CLANG_WARN_CONSTANT_CONVERSION = YES;
				CLANG_WARN_DIRECT_OBJC_ISA_USAGE = YES_ERROR;
				CLANG_WARN_DOCUMENTATION_COMMENTS = YES;
				CLANG_WARN_EMPTY_BODY = YES;
				CLANG_WARN_ENUM_CONVERSION = YES;
				CLANG_WARN_INFINITE_RECURSION = YES;
				CLANG_WARN_INT_CONVERSION = YES;
				CLANG_WARN_NON_LITERAL_NULL_CONVERSION = YES;
				CLANG_WARN_OBJC_LITERAL_CONVERSION = YES;
				CLANG_WARN_OBJC_ROOT_CLASS = YES_ERROR;
				CLANG_WARN_RANGE_LOOP_ANALYSIS = YES;
				CLANG_WARN_STRICT_PROTOTYPES = YES;
				CLANG_WARN_SUSPICIOUS_MOVE = YES;
				CLANG_WARN_UNGUARDED_AVAILABILITY = YES_AGGRESSIVE;
				CLANG_WARN_UNREACHABLE_CODE = YES;
				CLANG_WARN__DUPLICATE_METHOD_MATCH = YES;
				CODE_SIGN_IDENTITY = "iPhone Developer";
				COPY_PHASE_STRIP = NO;
				DEBUG_INFORMATION_FORMAT = "dwarf-with-dsym";
				ENABLE_NS_ASSERTIONS = NO;
				ENABLE_STRICT_OBJC_MSGSEND = YES;
				GCC_C_LANGUAGE_STANDARD = gnu11;
				GCC_NO_COMMON_BLOCKS = YES;
				GCC_WARN_64_TO_32_BIT_CONVERSION = YES;
				GCC_WARN_ABOUT_RETURN_TYPE = YES_ERROR;
				GCC_WARN_UNDECLARED_SELECTOR = YES;
				GCC_WARN_UNINITIALIZED_AUTOS = YES_AGGRESSIVE;
				GCC_WARN_UNUSED_FUNCTION = YES;
				GCC_WARN_UNUSED_VARIABLE = YES;
				IPHONEOS_DEPLOYMENT_TARGET = 11.2;
				MTL_ENABLE_DEBUG_INFO = NO;
				SDKROOT = iphoneos;
				SWIFT_OPTIMIZATION_LEVEL = "-Owholemodule";
				VALIDATE_PRODUCT = YES;
			};
			name = Release;
		};
		351C90412033008B00A1F05B /* Debug */ = {
			isa = XCBuildConfiguration;
			buildSettings = {
				ASSETCATALOG_COMPILER_APPICON_NAME = AppIcon;
				CODE_SIGN_STYLE = Automatic;
				DEVELOPMENT_TEAM = 6UZHVQ52BK;
				INFOPLIST_FILE = iQuiz/Info.plist;
				LD_RUNPATH_SEARCH_PATHS = "$(inherited) @executable_path/Frameworks";
				PRODUCT_BUNDLE_IDENTIFIER = edu.uw.longt8.iQuiz;
				PRODUCT_NAME = "$(TARGET_NAME)";
				SWIFT_VERSION = 4.0;
				TARGETED_DEVICE_FAMILY = "1,2";
			};
			name = Debug;
		};
		351C90422033008B00A1F05B /* Release */ = {
			isa = XCBuildConfiguration;
			buildSettings = {
				ASSETCATALOG_COMPILER_APPICON_NAME = AppIcon;
				CODE_SIGN_STYLE = Automatic;
				DEVELOPMENT_TEAM = 6UZHVQ52BK;
				INFOPLIST_FILE = iQuiz/Info.plist;
				LD_RUNPATH_SEARCH_PATHS = "$(inherited) @executable_path/Frameworks";
				PRODUCT_BUNDLE_IDENTIFIER = edu.uw.longt8.iQuiz;
				PRODUCT_NAME = "$(TARGET_NAME)";
				SWIFT_VERSION = 4.0;
				TARGETED_DEVICE_FAMILY = "1,2";
			};
			name = Release;
		};
		351C90442033008B00A1F05B /* Debug */ = {
			isa = XCBuildConfiguration;
			buildSettings = {
				ALWAYS_EMBED_SWIFT_STANDARD_LIBRARIES = YES;
				BUNDLE_LOADER = "$(TEST_HOST)";
				CODE_SIGN_STYLE = Automatic;
				DEVELOPMENT_TEAM = 6UZHVQ52BK;
				INFOPLIST_FILE = iQuizTests/Info.plist;
				LD_RUNPATH_SEARCH_PATHS = "$(inherited) @executable_path/Frameworks @loader_path/Frameworks";
				PRODUCT_BUNDLE_IDENTIFIER = edu.uw.longt8.iQuizTests;
				PRODUCT_NAME = "$(TARGET_NAME)";
				SWIFT_VERSION = 4.0;
				TARGETED_DEVICE_FAMILY = "1,2";
				TEST_HOST = "$(BUILT_PRODUCTS_DIR)/iQuiz.app/iQuiz";
			};
			name = Debug;
		};
		351C90452033008B00A1F05B /* Release */ = {
			isa = XCBuildConfiguration;
			buildSettings = {
				ALWAYS_EMBED_SWIFT_STANDARD_LIBRARIES = YES;
				BUNDLE_LOADER = "$(TEST_HOST)";
				CODE_SIGN_STYLE = Automatic;
				DEVELOPMENT_TEAM = 6UZHVQ52BK;
				INFOPLIST_FILE = iQuizTests/Info.plist;
				LD_RUNPATH_SEARCH_PATHS = "$(inherited) @executable_path/Frameworks @loader_path/Frameworks";
				PRODUCT_BUNDLE_IDENTIFIER = edu.uw.longt8.iQuizTests;
				PRODUCT_NAME = "$(TARGET_NAME)";
				SWIFT_VERSION = 4.0;
				TARGETED_DEVICE_FAMILY = "1,2";
				TEST_HOST = "$(BUILT_PRODUCTS_DIR)/iQuiz.app/iQuiz";
			};
			name = Release;
		};
		351C90472033008B00A1F05B /* Debug */ = {
			isa = XCBuildConfiguration;
			buildSettings = {
				ALWAYS_EMBED_SWIFT_STANDARD_LIBRARIES = YES;
				CODE_SIGN_STYLE = Automatic;
				DEVELOPMENT_TEAM = 6UZHVQ52BK;
				INFOPLIST_FILE = iQuizUITests/Info.plist;
				LD_RUNPATH_SEARCH_PATHS = "$(inherited) @executable_path/Frameworks @loader_path/Frameworks";
				PRODUCT_BUNDLE_IDENTIFIER = edu.uw.longt8.iQuizUITests;
				PRODUCT_NAME = "$(TARGET_NAME)";
				SWIFT_VERSION = 4.0;
				TARGETED_DEVICE_FAMILY = "1,2";
				TEST_TARGET_NAME = iQuiz;
			};
			name = Debug;
		};
		351C90482033008B00A1F05B /* Release */ = {
			isa = XCBuildConfiguration;
			buildSettings = {
				ALWAYS_EMBED_SWIFT_STANDARD_LIBRARIES = YES;
				CODE_SIGN_STYLE = Automatic;
				DEVELOPMENT_TEAM = 6UZHVQ52BK;
				INFOPLIST_FILE = iQuizUITests/Info.plist;
				LD_RUNPATH_SEARCH_PATHS = "$(inherited) @executable_path/Frameworks @loader_path/Frameworks";
				PRODUCT_BUNDLE_IDENTIFIER = edu.uw.longt8.iQuizUITests;
				PRODUCT_NAME = "$(TARGET_NAME)";
				SWIFT_VERSION = 4.0;
				TARGETED_DEVICE_FAMILY = "1,2";
				TEST_TARGET_NAME = iQuiz;
			};
			name = Release;
		};
/* End XCBuildConfiguration section */

/* Begin XCConfigurationList section */
		351C90132033008A00A1F05B /* Build configuration list for PBXProject "iQuiz" */ = {
			isa = XCConfigurationList;
			buildConfigurations = (
				351C903E2033008B00A1F05B /* Debug */,
				351C903F2033008B00A1F05B /* Release */,
			);
			defaultConfigurationIsVisible = 0;
			defaultConfigurationName = Release;
		};
		351C90402033008B00A1F05B /* Build configuration list for PBXNativeTarget "iQuiz" */ = {
			isa = XCConfigurationList;
			buildConfigurations = (
				351C90412033008B00A1F05B /* Debug */,
				351C90422033008B00A1F05B /* Release */,
			);
			defaultConfigurationIsVisible = 0;
			defaultConfigurationName = Release;
		};
		351C90432033008B00A1F05B /* Build configuration list for PBXNativeTarget "iQuizTests" */ = {
			isa = XCConfigurationList;
			buildConfigurations = (
				351C90442033008B00A1F05B /* Debug */,
				351C90452033008B00A1F05B /* Release */,
			);
			defaultConfigurationIsVisible = 0;
			defaultConfigurationName = Release;
		};
		351C90462033008B00A1F05B /* Build configuration list for PBXNativeTarget "iQuizUITests" */ = {
			isa = XCConfigurationList;
			buildConfigurations = (
				351C90472033008B00A1F05B /* Debug */,
				351C90482033008B00A1F05B /* Release */,
			);
			defaultConfigurationIsVisible = 0;
			defaultConfigurationName = Release;
		};
/* End XCConfigurationList section */
	};
	rootObject = 351C90102033008A00A1F05B /* Project object */;
}
